
Microsoft Visual Studio Solution File, Format Version 12.00
# Visual Studio Version 17
VisualStudioVersion = 17.14.36127.28 d17.14
MinimumVisualStudioVersion = 10.0.40219.1
Project("{FAE04EC0-301F-11D3-BF4B-00C04F79EFBC}") = "UserAuthApp", "UserAuthApp.csproj", "{33300040-1DA1-4305-A886-F24B205F4BB6}"
EndProject
Global
	GlobalSection(SolutionConfigurationPlatforms) = preSolution
		Debug|Any CPU = Debug|Any CPU
		Release|Any CPU = Release|Any CPU
	EndGlobalSection
	GlobalSection(ProjectConfigurationPlatforms) = postSolution
		{33300040-1DA1-4305-A886-F24B205F4BB6}.Debug|Any CPU.ActiveCfg = Debug|Any CPU
		{33300040-1DA1-4305-A886-F24B205F4BB6}.Debug|Any CPU.Build.0 = Debug|Any CPU
		{33300040-1DA1-4305-A886-F24B205F4BB6}.Release|Any CPU.ActiveCfg = Release|Any CPU
		{33300040-1DA1-4305-A886-F24B205F4BB6}.Release|Any CPU.Build.0 = Release|Any CPU
	EndGlobalSection
	GlobalSection(SolutionProperties) = preSolution
		HideSolutionNode = FALSE
	EndGlobalSection
	GlobalSection(ExtensibilityGlobals) = postSolution
		SolutionGuid = {047FE188-C8D1-4495-ABB6-1CCE2E776665}
	EndGlobalSection
EndGlobal
